// !$*UTF8*$!
{
	archiveVersion = 1;
	classes = {
	};
	objectVersion = 50;
	objects = {

/* Begin PBXBuildFile section */
		D7401F81227B5C73003C834C /* AppDelegate.swift in Sources */ = {isa = PBXBuildFile; fileRef = D7401F80227B5C73003C834C /* AppDelegate.swift */; };
		D7401F83227B5C73003C834C /* ViewController.swift in Sources */ = {isa = PBXBuildFile; fileRef = D7401F82227B5C73003C834C /* ViewController.swift */; };
		D7401F86227B5C73003C834C /* Main.storyboard in Resources */ = {isa = PBXBuildFile; fileRef = D7401F84227B5C73003C834C /* Main.storyboard */; };
		D7401F88227B5C74003C834C /* Assets.xcassets in Resources */ = {isa = PBXBuildFile; fileRef = D7401F87227B5C74003C834C /* Assets.xcassets */; };
		D7401F8B227B5C74003C834C /* LaunchScreen.storyboard in Resources */ = {isa = PBXBuildFile; fileRef = D7401F89227B5C74003C834C /* LaunchScreen.storyboard */; };
		D7401F94227B5C8B003C834C /* HotdogClassifier.mlmodel in Sources */ = {isa = PBXBuildFile; fileRef = D7401F92227B5C8B003C834C /* HotdogClassifier.mlmodel */; };
		D7401F95227B5C8B003C834C /* Boston Sports Logos.mlmodel in Sources */ = {isa = PBXBuildFile; fileRef = D7401F93227B5C8B003C834C /* Boston Sports Logos.mlmodel */; };
		D7401F97227B5EB4003C834C /* ImageClassificationViewController.swift in Sources */ = {isa = PBXBuildFile; fileRef = D7401F96227B5EB4003C834C /* ImageClassificationViewController.swift */; };
		D7401F99227B62EC003C834C /* CGImagePropertyOrientation+UIImageOrientation.swift in Sources */ = {isa = PBXBuildFile; fileRef = D7401F98227B62EC003C834C /* CGImagePropertyOrientation+UIImageOrientation.swift */; };
/* End PBXBuildFile section */

/* Begin PBXFileReference section */
		D7401F7D227B5C73003C834C /* Hotdog Not Hotdog Final App.app */ = {isa = PBXFileReference; explicitFileType = wrapper.application; includeInIndex = 0; path = "Hotdog Not Hotdog Final App.app"; sourceTree = BUILT_PRODUCTS_DIR; };
		D7401F80227B5C73003C834C /* AppDelegate.swift */ = {isa = PBXFileReference; lastKnownFileType = sourcecode.swift; path = AppDelegate.swift; sourceTree = "<group>"; };
		D7401F82227B5C73003C834C /* ViewController.swift */ = {isa = PBXFileReference; lastKnownFileType = sourcecode.swift; path = ViewController.swift; sourceTree = "<group>"; };
		D7401F85227B5C73003C834C /* Base */ = {isa = PBXFileReference; lastKnownFileType = file.storyboard; name = Base; path = Base.lproj/Main.storyboard; sourceTree = "<group>"; };
		D7401F87227B5C74003C834C /* Assets.xcassets */ = {isa = PBXFileReference; lastKnownFileType = folder.assetcatalog; path = Assets.xcassets; sourceTree = "<group>"; };
		D7401F8A227B5C74003C834C /* Base */ = {isa = PBXFileReference; lastKnownFileType = file.storyboard; name = Base; path = Base.lproj/LaunchScreen.storyboard; sourceTree = "<group>"; };
		D7401F8C227B5C74003C834C /* Info.plist */ = {isa = PBXFileReference; lastKnownFileType = text.plist.xml; path = Info.plist; sourceTree = "<group>"; };
		D7401F92227B5C8B003C834C /* HotdogClassifier.mlmodel */ = {isa = PBXFileReference; lastKnownFileType = file.mlmodel; name = HotdogClassifier.mlmodel; path = ../../../../../../../Documents/HotdogClassifier.mlmodel; sourceTree = "<group>"; };
		D7401F93227B5C8B003C834C /* Boston Sports Logos.mlmodel */ = {isa = PBXFileReference; lastKnownFileType = file.mlmodel; name = "Boston Sports Logos.mlmodel"; path = "../../../../../../../Documents/Boston Sports Logos.mlmodel"; sourceTree = "<group>"; };
		D7401F96227B5EB4003C834C /* ImageClassificationViewController.swift */ = {isa = PBXFileReference; lastKnownFileType = sourcecode.swift; path = ImageClassificationViewController.swift; sourceTree = "<group>"; };
		D7401F98227B62EC003C834C /* CGImagePropertyOrientation+UIImageOrientation.swift */ = {isa = PBXFileReference; fileEncoding = 4; lastKnownFileType = sourcecode.swift; name = "CGImagePropertyOrientation+UIImageOrientation.swift"; path = "../../../../../../../Desktop/HotDog Not Hotdog/Hotdog Not Hotdog/CGImagePropertyOrientation+UIImageOrientation.swift"; sourceTree = "<group>"; };
/* End PBXFileReference section */

/* Begin PBXFrameworksBuildPhase section */
		D7401F7A227B5C73003C834C /* Frameworks */ = {
			isa = PBXFrameworksBuildPhase;
			buildActionMask = 2147483647;
			files = (
			);
			runOnlyForDeploymentPostprocessing = 0;
		};
/* End PBXFrameworksBuildPhase section */

/* Begin PBXGroup section */
		D7401F74227B5C73003C834C = {
			isa = PBXGroup;
			children = (
				D7401F7F227B5C73003C834C /* Hotdog Not Hotdog Final App */,
				D7401F7E227B5C73003C834C /* Products */,
			);
			sourceTree = "<group>";
		};
		D7401F7E227B5C73003C834C /* Products */ = {
			isa = PBXGroup;
			children = (
				D7401F7D227B5C73003C834C /* Hotdog Not Hotdog Final App.app */,
			);
			name = Products;
			sourceTree = "<group>";
		};
		D7401F7F227B5C73003C834C /* Hotdog Not Hotdog Final App */ = {
			isa = PBXGroup;
			children = (
				D7401F80227B5C73003C834C /* AppDelegate.swift */,
				D7401F82227B5C73003C834C /* ViewController.swift */,
				D7401F96227B5EB4003C834C /* ImageClassificationViewController.swift */,
				D7401F98227B62EC003C834C /* CGImagePropertyOrientation+UIImageOrientation.swift */,
				D7401F84227B5C73003C834C /* Main.storyboard */,
				D7401F93227B5C8B003C834C /* Boston Sports Logos.mlmodel */,
				D7401F92227B5C8B003C834C /* HotdogClassifier.mlmodel */,
				D7401F87227B5C74003C834C /* Assets.xcassets */,
				D7401F89227B5C74003C834C /* LaunchScreen.storyboard */,
				D7401F8C227B5C74003C834C /* Info.plist */,
			);
			path = "Hotdog Not Hotdog Final App";
			sourceTree = "<group>";
		};
/* End PBXGroup section */

/* Begin PBXNativeTarget section */
		D7401F7C227B5C73003C834C /* Hotdog Not Hotdog Final App */ = {
			isa = PBXNativeTarget;
			buildConfigurationList = D7401F8F227B5C74003C834C /* Build configuration list for PBXNativeTarget "Hotdog Not Hotdog Final App" */;
			buildPhases = (
				D7401F79227B5C73003C834C /* Sources */,
				D7401F7A227B5C73003C834C /* Frameworks */,
				D7401F7B227B5C73003C834C /* Resources */,
			);
			buildRules = (
			);
			dependencies = (
			);
			name = "Hotdog Not Hotdog Final App";
			productName = "Hotdog Not Hotdog Final App";
			productReference = D7401F7D227B5C73003C834C /* Hotdog Not Hotdog Final App.app */;
			productType = "com.apple.product-type.application";
		};
/* End PBXNativeTarget section */

/* Begin PBXProject section */
		D7401F75227B5C73003C834C /* Project object */ = {
			isa = PBXProject;
			attributes = {
				LastSwiftUpdateCheck = 1020;
				LastUpgradeCheck = 1020;
				ORGANIZATIONNAME = "Tom Kotopoulos";
				TargetAttributes = {
					D7401F7C227B5C73003C834C = {
						CreatedOnToolsVersion = 10.2.1;
					};
				};
			};
			buildConfigurationList = D7401F78227B5C73003C834C /* Build configuration list for PBXProject "Hotdog Not Hotdog Final App" */;
			compatibilityVersion = "Xcode 9.3";
			developmentRegion = en;
			hasScannedForEncodings = 0;
			knownRegions = (
				en,
				Base,
			);
			mainGroup = D7401F74227B5C73003C834C;
			productRefGroup = D7401F7E227B5C73003C834C /* Products */;
			projectDirPath = "";
			projectRoot = "";
			targets = (
				D7401F7C227B5C73003C834C /* Hotdog Not Hotdog Final App */,
			);
		};
/* End PBXProject section */

/* Begin PBXResourcesBuildPhase section */
		D7401F7B227B5C73003C834C /* Resources */ = {
			isa = PBXResourcesBuildPhase;
			buildActionMask = 2147483647;
			files = (
				D7401F8B227B5C74003C834C /* LaunchScreen.storyboard in Resources */,
				D7401F88227B5C74003C834C /* Assets.xcassets in Resources */,
				D7401F86227B5C73003C834C /* Main.storyboard in Resources */,
			);
			runOnlyForDeploymentPostprocessing = 0;
		};
/* End PBXResourcesBuildPhase section */

/* Begin PBXSourcesBuildPhase section */
		D7401F79227B5C73003C834C /* Sources */ = {
			isa = PBXSourcesBuildPhase;
			buildActionMask = 2147483647;
			files = (
				D7401F83227B5C73003C834C /* ViewController.swift in Sources */,
				D7401F97227B5EB4003C834C /* ImageClassificationViewController.swift in Sources */,
				D7401F94227B5C8B003C834C /* HotdogClassifier.mlmodel in Sources */,
				D7401F81227B5C73003C834C /* AppDelegate.swift in Sources */,
				D7401F99227B62EC003C834C /* CGImagePropertyOrientation+UIImageOrientation.swift in Sources */,
				D7401F95227B5C8B003C834C /* Boston Sports Logos.mlmodel in Sources */,
			);
			runOnlyForDeploymentPostprocessing = 0;
		};
/* End PBXSourcesBuildPhase section */

/* Begin PBXVariantGroup section */
		D7401F84227B5C73003C834C /* Main.storyboard */ = {
			isa = PBXVariantGroup;
			children = (
				D7401F85227B5C73003C834C /* Base */,
			);
			name = Main.storyboard;
			sourceTree = "<group>";
		};
		D7401F89227B5C74003C834C /* LaunchScreen.storyboard */ = {
			isa = PBXVariantGroup;
			children = (
				D7401F8A227B5C74003C834C /* Base */,
			);
			name = LaunchScreen.storyboard;
			sourceTree = "<group>";
		};
/* End PBXVariantGroup section */

/* Begin XCBuildConfiguration section */
		D7401F8D227B5C74003C834C /* Debug */ = {
			isa = XCBuildConfiguration;
			buildSettings = {
				ALWAYS_SEARCH_USER_PATHS = NO;
				CLANG_ANALYZER_NONNULL = YES;
				CLANG_ANALYZER_NUMBER_OBJECT_CONVERSION = YES_AGGRESSIVE;
				CLANG_CXX_LANGUAGE_STANDARD = "gnu++14";
				CLANG_CXX_LIBRARY = "libc++";
				CLANG_ENABLE_MODULES = YES;
				CLANG_ENABLE_OBJC_ARC = YES;
				CLANG_ENABLE_OBJC_WEAK = YES;
				CLANG_WARN_BLOCK_CAPTURE_AUTORELEASING = YES;
				CLANG_WARN_BOOL_CONVERSION = YES;
				CLANG_WARN_COMMA = YES;
				CLANG_WARN_CONSTANT_CONVERSION = YES;
				CLANG_WARN_DEPRECATED_OBJC_IMPLEMENTATIONS = YES;
				CLANG_WARN_DIRECT_OBJC_ISA_USAGE = YES_ERROR;
				CLANG_WARN_DOCUMENTATION_COMMENTS = YES;
				CLANG_WARN_EMPTY_BODY = YES;
				CLANG_WARN_ENUM_CONVERSION = YES;
				CLANG_WARN_INFINITE_RECURSION = YES;
				CLANG_WARN_INT_CONVERSION = YES;
				CLANG_WARN_NON_LITERAL_NULL_CONVERSION = YES;
				CLANG_WARN_OBJC_IMPLICIT_RETAIN_SELF = YES;
				CLANG_WARN_OBJC_LITERAL_CONVERSION = YES;
				CLANG_WARN_OBJC_ROOT_CLASS = YES_ERROR;
				CLANG_WARN_RANGE_LOOP_ANALYSIS = YES;
				CLANG_WARN_STRICT_PROTOTYPES = YES;
				CLANG_WARN_SUSPICIOUS_MOVE = YES;
				CLANG_WARN_UNGUARDED_AVAILABILITY = YES_AGGRESSIVE;
				CLANG_WARN_UNREACHABLE_CODE = YES;
				CLANG_WARN__DUPLICATE_METHOD_MATCH = YES;
				CODE_SIGN_IDENTITY = "iPhone Developer";
				COPY_PHASE_STRIP = NO;
				DEBUG_INFORMATION_FORMAT = dwarf;
				ENABLE_STRICT_OBJC_MSGSEND = YES;
				ENABLE_TESTABILITY = YES;
				GCC_C_LANGUAGE_STANDARD = gnu11;
				GCC_DYNAMIC_NO_PIC = NO;
				GCC_NO_COMMON_BLOCKS = YES;
				GCC_OPTIMIZATION_LEVEL = 0;
				GCC_PREPROCESSOR_DEFINITIONS = (
					"DEBUG=1",
					"$(inherited)",
				);
				GCC_WARN_64_TO_32_BIT_CONVERSION = YES;
				GCC_WARN_ABOUT_RETURN_TYPE = YES_ERROR;
				GCC_WARN_UNDECLARED_SELECTOR = YES;
				GCC_WARN_UNINITIALIZED_AUTOS = YES_AGGRESSIVE;
				GCC_WARN_UNUSED_FUNCTION = YES;
				GCC_WARN_UNUSED_VARIABLE = YES;
				IPHONEOS_DEPLOYMENT_TARGET = 12.2;
				MTL_ENABLE_DEBUG_INFO = INCLUDE_SOURCE;
				MTL_FAST_MATH = YES;
				ONLY_ACTIVE_ARCH = YES;
				SDKROOT = iphoneos;
				SWIFT_ACTIVE_COMPILATION_CONDITIONS = DEBUG;
				SWIFT_OPTIMIZATION_LEVEL = "-Onone";
			};
			name = Debug;
		};
		D7401F8E227B5C74003C834C /* Release */ = {
			isa = XCBuildConfiguration;
			buildSettings = {
				ALWAYS_SEARCH_USER_PATHS = NO;
				CLANG_ANALYZER_NONNULL = YES;
				CLANG_ANALYZER_NUMBER_OBJECT_CONVERSION = YES_AGGRESSIVE;
				CLANG_CXX_LANGUAGE_STANDARD = "gnu++14";
				CLANG_CXX_LIBRARY = "libc++";
				CLANG_ENABLE_MODULES = YES;
				CLANG_ENABLE_OBJC_ARC = YES;
				CLANG_ENABLE_OBJC_WEAK = YES;
				CLANG_WARN_BLOCK_CAPTURE_AUTORELEASING = YES;
				CLANG_WARN_BOOL_CONVERSION = YES;
				CLANG_WARN_COMMA = YES;
				CLANG_WARN_CONSTANT_CONVERSION = YES;
				CLANG_WARN_DEPRECATED_OBJC_IMPLEMENTATIONS = YES;
				CLANG_WARN_DIRECT_OBJC_ISA_USAGE = YES_ERROR;
				CLANG_WARN_DOCUMENTATION_COMMENTS = YES;
				CLANG_WARN_EMPTY_BODY = YES;
				CLANG_WARN_ENUM_CONVERSION = YES;
				CLANG_WARN_INFINITE_RECURSION = YES;
				CLANG_WARN_INT_CONVERSION = YES;
				CLANG_WARN_NON_LITERAL_NULL_CONVERSION = YES;
				CLANG_WARN_OBJC_IMPLICIT_RETAIN_SELF = YES;
				CLANG_WARN_OBJC_LITERAL_CONVERSION = YES;
				CLANG_WARN_OBJC_ROOT_CLASS = YES_ERROR;
				CLANG_WARN_RANGE_LOOP_ANALYSIS = YES;
				CLANG_WARN_STRICT_PROTOTYPES = YES;
				CLANG_WARN_SUSPICIOUS_MOVE = YES;
				CLANG_WARN_UNGUARDED_AVAILABILITY = YES_AGGRESSIVE;
				CLANG_WARN_UNREACHABLE_CODE = YES;
				CLANG_WARN__DUPLICATE_METHOD_MATCH = YES;
				CODE_SIGN_IDENTITY = "iPhone Developer";
				COPY_PHASE_STRIP = NO;
				DEBUG_INFORMATION_FORMAT = "dwarf-with-dsym";
				ENABLE_NS_ASSERTIONS = NO;
				ENABLE_STRICT_OBJC_MSGSEND = YES;
				GCC_C_LANGUAGE_STANDARD = gnu11;
				GCC_NO_COMMON_BLOCKS = YES;
				GCC_WARN_64_TO_32_BIT_CONVERSION = YES;
				GCC_WARN_ABOUT_RETURN_TYPE = YES_ERROR;
				GCC_WARN_UNDECLARED_SELECTOR = YES;
				GCC_WARN_UNINITIALIZED_AUTOS = YES_AGGRESSIVE;
				GCC_WARN_UNUSED_FUNCTION = YES;
				GCC_WARN_UNUSED_VARIABLE = YES;
				IPHONEOS_DEPLOYMENT_TARGET = 12.2;
				MTL_ENABLE_DEBUG_INFO = NO;
				MTL_FAST_MATH = YES;
				SDKROOT = iphoneos;
				SWIFT_COMPILATION_MODE = wholemodule;
				SWIFT_OPTIMIZATION_LEVEL = "-O";
				VALIDATE_PRODUCT = YES;
			};
			name = Release;
		};
		D7401F90227B5C74003C834C /* Debug */ = {
			isa = XCBuildConfiguration;
			buildSettings = {
				ASSETCATALOG_COMPILER_APPICON_NAME = AppIcon;
				CODE_SIGN_STYLE = Automatic;
				DEVELOPMENT_TEAM = J56ENFEVX5;
				INFOPLIST_FILE = "Hotdog Not Hotdog Final App/Info.plist";
				LD_RUNPATH_SEARCH_PATHS = (
					"$(inherited)",
					"@executable_path/Frameworks",
				);
				PRODUCT_BUNDLE_IDENTIFIER = "com.kotopoulos.Hotdog-Not-Hotdog-Final-App";
				PRODUCT_NAME = "$(TARGET_NAME)";
				SWIFT_VERSION = 5.0;
				TARGETED_DEVICE_FAMILY = "1,2";
			};
			name = Debug;
		};
		D7401F91227B5C74003C834C /* Release */ = {
			isa = XCBuildConfiguration;
			buildSettings = {
				ASSETCATALOG_COMPILER_APPICON_NAME = AppIcon;
				CODE_SIGN_STYLE = Automatic;
				DEVELOPMENT_TEAM = J56ENFEVX5;
				INFOPLIST_FILE = "Hotdog Not Hotdog Final App/Info.plist";
				LD_RUNPATH_SEARCH_PATHS = (
					"$(inherited)",
					"@executable_path/Frameworks",
				);
				PRODUCT_BUNDLE_IDENTIFIER = "com.kotopoulos.Hotdog-Not-Hotdog-Final-App";
				PRODUCT_NAME = "$(TARGET_NAME)";
				SWIFT_VERSION = 5.0;
				TARGETED_DEVICE_FAMILY = "1,2";
			};
			name = Release;
		};
/* End XCBuildConfiguration section */

/* Begin XCConfigurationList section */
		D7401F78227B5C73003C834C /* Build configuration list for PBXProject "Hotdog Not Hotdog Final App" */ = {
			isa = XCConfigurationList;
			buildConfigurations = (
				D7401F8D227B5C74003C834C /* Debug */,
				D7401F8E227B5C74003C834C /* Release */,
			);
			defaultConfigurationIsVisible = 0;
			defaultConfigurationName = Release;
		};
		D7401F8F227B5C74003C834C /* Build configuration list for PBXNativeTarget "Hotdog Not Hotdog Final App" */ = {
			isa = XCConfigurationList;
			buildConfigurations = (
				D7401F90227B5C74003C834C /* Debug */,
				D7401F91227B5C74003C834C /* Release */,
			);
			defaultConfigurationIsVisible = 0;
			defaultConfigurationName = Release;
		};
/* End XCConfigurationList section */
	};
	rootObject = D7401F75227B5C73003C834C /* Project object */;
}
